lockfileVersion: 5.4

specifiers:
  '@am92/redis': ^1.0.15
  lodash: ^4.17.21

dependencies:
  '@am92/redis': 1.0.15
  lodash: 4.17.21

packages:

  /@am92/redis/1.0.15:
    resolution: {integrity: sha512-9yWMvc0w+0j5P/am1DBGWIXQmnJms6r7iYIIF31vG8HDv2hL5e+DR3Yye/muoUd3yn9rN+KoRosCc6+0ZHOw3A==}
    requiresBuild: true
    dependencies:
      redis: 4.6.5
    dev: false

  /@redis/bloom/1.2.0_@redis+client@1.5.6:
    resolution: {integrity: sha512-HG2DFjYKbpNmVXsa0keLHp/3leGJz1mjh09f2RLGGLQZzSHpkmZWuwJbAvo3QcRY8p80m5+ZdXZdYOSBLlp7Cg==}
    peerDependencies:
      '@redis/client': ^1.0.0
    dependencies:
      '@redis/client': 1.5.6
    dev: false

  /@redis/client/1.5.6:
    resolution: {integrity: sha512-dFD1S6je+A47Lj22jN/upVU2fj4huR7S9APd7/ziUXsIXDL+11GPYti4Suv5y8FuXaN+0ZG4JF+y1houEJ7ToA==}
    engines: {node: '>=14'}
    dependencies:
      cluster-key-slot: 1.1.2
      generic-pool: 3.9.0
      yallist: 4.0.0
    dev: false

  /@redis/graph/1.1.0_@redis+client@1.5.6:
    resolution: {integrity: sha512-16yZWngxyXPd+MJxeSr0dqh2AIOi8j9yXKcKCwVaKDbH3HTuETpDVPcLujhFYVPtYrngSco31BUcSa9TH31Gqg==}
    peerDependencies:
      '@redis/client': ^1.0.0
    dependencies:
      '@redis/client': 1.5.6
    dev: false

  /@redis/json/1.0.4_@redis+client@1.5.6:
    resolution: {integrity: sha512-LUZE2Gdrhg0Rx7AN+cZkb1e6HjoSKaeeW8rYnt89Tly13GBI5eP4CwDVr+MY8BAYfCg4/N15OUrtLoona9uSgw==}
    peerDependencies:
      '@redis/client': ^1.0.0
    dependencies:
      '@redis/client': 1.5.6
    dev: false

  /@redis/search/1.1.2_@redis+client@1.5.6:
    resolution: {integrity: sha512-/cMfstG/fOh/SsE+4/BQGeuH/JJloeWuH+qJzM8dbxuWvdWibWAOAHHCZTMPhV3xIlH4/cUEIA8OV5QnYpaVoA==}
    peerDependencies:
      '@redis/client': ^1.0.0
    dependencies:
      '@redis/client': 1.5.6
    dev: false

  /@redis/time-series/1.0.4_@redis+client@1.5.6:
    resolution: {integrity: sha512-ThUIgo2U/g7cCuZavucQTQzA9g9JbDDY2f64u3AbAoz/8vE2lt2U37LamDUVChhaDA3IRT9R6VvJwqnUfTJzng==}
    peerDependencies:
      '@redis/client': ^1.0.0
    dependencies:
      '@redis/client': 1.5.6
    dev: false

  /cluster-key-slot/1.1.2:
    resolution: {integrity: sha512-RMr0FhtfXemyinomL4hrWcYJxmX6deFdCxpJzhDttxgO1+bcCnkk+9drydLVDmAMG7NE6aN/fl4F7ucU/90gAA==}
    engines: {node: '>=0.10.0'}
    dev: false

  /generic-pool/3.9.0:
    resolution: {integrity: sha512-hymDOu5B53XvN4QT9dBmZxPX4CWhBPPLguTZ9MMFeFa/Kg0xWVfylOVNlJji/E7yTZWFd/q9GO5TxDLq156D7g==}
    engines: {node: '>= 4'}
    dev: false

  /lodash/4.17.21:
    resolution: {integrity: sha512-v2kDEe57lecTulaDIuNTPy3Ry4gLGJ6Z1O3vE1krgXZNrsQ+LFTGHVxVjcXPs17LhbZVGedAJv8XZ1tvj5FvSg==}
    dev: false

  /redis/4.6.5:
    resolution: {integrity: sha512-O0OWA36gDQbswOdUuAhRL6mTZpHFN525HlgZgDaVNgCJIAZR3ya06NTESb0R+TUZ+BFaDpz6NnnVvoMx9meUFg==}
    dependencies:
      '@redis/bloom': 1.2.0_@redis+client@1.5.6
      '@redis/client': 1.5.6
      '@redis/graph': 1.1.0_@redis+client@1.5.6
      '@redis/json': 1.0.4_@redis+client@1.5.6
      '@redis/search': 1.1.2_@redis+client@1.5.6
      '@redis/time-series': 1.0.4_@redis+client@1.5.6
    dev: false

  /yallist/4.0.0:
    resolution: {integrity: sha512-3wdGidZyq5PB084XLES5TpOSRA3wjXAlIWMhum2kRcv/41Sn2emQ0dycQW4uZXLejwKvg6EsvbdlVL+FYEct7A==}
    dev: false
